
Microsoft Visual Studio Solution File, Format Version 12.00
# Visual Studio Version 17
VisualStudioVersion = 17.14.36221.1
MinimumVisualStudioVersion = 10.0.40219.1
Project("{FAE04EC0-301F-11D3-BF4B-00C04F79EFBC}") = "CarbonNowAPI", "CarbonNowAPI\CarbonNowAPI.csproj", "{8C8476E8-9948-4F16-8A71-ECC00A1F775C}"
EndProject
Project("{FAE04EC0-301F-11D3-BF4B-00C04F79EFBC}") = "CarbonNowAPI-Teste", "CarbonNowAPI-Teste\CarbonNowAPI-Teste.csproj", "{411E5751-C344-72CA-0B0C-13856B00C733}"
EndProject
Global
	GlobalSection(SolutionConfigurationPlatforms) = preSolution
		Debug|Any CPU = Debug|Any CPU
		Release|Any CPU = Release|Any CPU
	EndGlobalSection
	GlobalSection(ProjectConfigurationPlatforms) = postSolution
		{8C8476E8-9948-4F16-8A71-ECC00A1F775C}.Debug|Any CPU.ActiveCfg = Debug|Any CPU
		{8C8476E8-9948-4F16-8A71-ECC00A1F775C}.Debug|Any CPU.Build.0 = Debug|Any CPU
		{8C8476E8-9948-4F16-8A71-ECC00A1F775C}.Release|Any CPU.ActiveCfg = Release|Any CPU
		{8C8476E8-9948-4F16-8A71-ECC00A1F775C}.Release|Any CPU.Build.0 = Release|Any CPU
		{411E5751-C344-72CA-0B0C-13856B00C733}.Debug|Any CPU.ActiveCfg = Debug|Any CPU
		{411E5751-C344-72CA-0B0C-13856B00C733}.Debug|Any CPU.Build.0 = Debug|Any CPU
		{411E5751-C344-72CA-0B0C-13856B00C733}.Release|Any CPU.ActiveCfg = Release|Any CPU
		{411E5751-C344-72CA-0B0C-13856B00C733}.Release|Any CPU.Build.0 = Release|Any CPU
	EndGlobalSection
	GlobalSection(SolutionProperties) = preSolution
		HideSolutionNode = FALSE
	EndGlobalSection
	GlobalSection(ExtensibilityGlobals) = postSolution
		SolutionGuid = {DED84869-0890-4A80-8BFC-C7A4C8F4797D}
	EndGlobalSection
EndGlobal
